
Microsoft Visual Studio Solution File, Format Version 12.00
Project("{FAE04EC0-301F-11D3-BF4B-00C04F79EFBC}") = "Day1", "Day1\Day1.csproj", "{E5158DB2-980A-4E49-9301-59147CF9C009}"
EndProject
Project("{FAE04EC0-301F-11D3-BF4B-00C04F79EFBC}") = "Day2", "Day2\Day2.csproj", "{E0888219-898D-41D3-A961-CE2418599E43}"
EndProject
Project("{FAE04EC0-301F-11D3-BF4B-00C04F79EFBC}") = "Day3", "Day3\Day3.csproj", "{034006D9-39A2-430F-B544-5171828B4BB7}"
EndProject
Project("{FAE04EC0-301F-11D3-BF4B-00C04F79EFBC}") = "Day4", "Day4\Day4.csproj", "{76BB86B1-9D3C-4250-BB22-54F02DD8FC62}"
EndProject
Project("{FAE04EC0-301F-11D3-BF4B-00C04F79EFBC}") = "Template", "Template\Template.csproj", "{233A9E56-C1BD-468C-96B9-8FEC66AAA610}"
EndProject
Project("{FAE04EC0-301F-11D3-BF4B-00C04F79EFBC}") = "Day5", "Day5\Day5.csproj", "{103A2180-9C0E-4ABB-ACF4-F1D6D74EF98D}"
EndProject
Project("{FAE04EC0-301F-11D3-BF4B-00C04F79EFBC}") = "Day6", "Day6\Day6.csproj", "{9229E8CC-BBDA-41EC-9B83-48EA9EDB8A55}"
EndProject
Project("{FAE04EC0-301F-11D3-BF4B-00C04F79EFBC}") = "Day7", "Day7\Day7.csproj", "{8848463B-9C9A-44EA-A8D7-20868B65F6D1}"
EndProject
Project("{FAE04EC0-301F-11D3-BF4B-00C04F79EFBC}") = "Day8", "Day8\Day8.csproj", "{B49CA490-2281-418E-B5E6-7C2A43A78B56}"
EndProject
Project("{FAE04EC0-301F-11D3-BF4B-00C04F79EFBC}") = "Day9", "Day9\Day9.csproj", "{DDE368AE-8E37-4EA1-A213-BF48C093D65D}"
EndProject
Project("{FAE04EC0-301F-11D3-BF4B-00C04F79EFBC}") = "Day10", "Day10\Day10.csproj", "{C6444167-094D-4D00-AF50-4DDEF1126440}"
EndProject
Project("{FAE04EC0-301F-11D3-BF4B-00C04F79EFBC}") = "Day11", "Day11\Day11.csproj", "{A0BF7677-F027-4FAB-86DD-8477C4E8B07A}"
EndProject
Project("{FAE04EC0-301F-11D3-BF4B-00C04F79EFBC}") = "Day12", "Day12\Day12.csproj", "{6D08D016-8BDC-47CB-9485-F335B927E8ED}"
EndProject
Project("{FAE04EC0-301F-11D3-BF4B-00C04F79EFBC}") = "Day13", "Day13\Day13.csproj", "{87C7F88A-A078-4EFC-935C-CB62449C5FED}"
EndProject
Project("{FAE04EC0-301F-11D3-BF4B-00C04F79EFBC}") = "Day14", "Day14\Day14.csproj", "{1C76F414-DCE9-44E6-B4C3-D2657463A7C6}"
EndProject
Project("{FAE04EC0-301F-11D3-BF4B-00C04F79EFBC}") = "Day15", "Day15\Day15.csproj", "{0C04F804-015C-4F00-A0A8-26ECCF2378FB}"
EndProject
Global
	GlobalSection(SolutionConfigurationPlatforms) = preSolution
		Debug|Any CPU = Debug|Any CPU
		Release|Any CPU = Release|Any CPU
	EndGlobalSection
	GlobalSection(ProjectConfigurationPlatforms) = postSolution
		{E5158DB2-980A-4E49-9301-59147CF9C009}.Debug|Any CPU.ActiveCfg = Debug|Any CPU
		{E5158DB2-980A-4E49-9301-59147CF9C009}.Debug|Any CPU.Build.0 = Debug|Any CPU
		{E5158DB2-980A-4E49-9301-59147CF9C009}.Release|Any CPU.ActiveCfg = Release|Any CPU
		{E5158DB2-980A-4E49-9301-59147CF9C009}.Release|Any CPU.Build.0 = Release|Any CPU
		{E0888219-898D-41D3-A961-CE2418599E43}.Debug|Any CPU.ActiveCfg = Debug|Any CPU
		{E0888219-898D-41D3-A961-CE2418599E43}.Debug|Any CPU.Build.0 = Debug|Any CPU
		{E0888219-898D-41D3-A961-CE2418599E43}.Release|Any CPU.ActiveCfg = Release|Any CPU
		{E0888219-898D-41D3-A961-CE2418599E43}.Release|Any CPU.Build.0 = Release|Any CPU
		{034006D9-39A2-430F-B544-5171828B4BB7}.Debug|Any CPU.ActiveCfg = Debug|Any CPU
		{034006D9-39A2-430F-B544-5171828B4BB7}.Debug|Any CPU.Build.0 = Debug|Any CPU
		{034006D9-39A2-430F-B544-5171828B4BB7}.Release|Any CPU.ActiveCfg = Release|Any CPU
		{034006D9-39A2-430F-B544-5171828B4BB7}.Release|Any CPU.Build.0 = Release|Any CPU
		{76BB86B1-9D3C-4250-BB22-54F02DD8FC62}.Debug|Any CPU.ActiveCfg = Debug|Any CPU
		{76BB86B1-9D3C-4250-BB22-54F02DD8FC62}.Debug|Any CPU.Build.0 = Debug|Any CPU
		{76BB86B1-9D3C-4250-BB22-54F02DD8FC62}.Release|Any CPU.ActiveCfg = Release|Any CPU
		{76BB86B1-9D3C-4250-BB22-54F02DD8FC62}.Release|Any CPU.Build.0 = Release|Any CPU
		{233A9E56-C1BD-468C-96B9-8FEC66AAA610}.Debug|Any CPU.ActiveCfg = Debug|Any CPU
		{233A9E56-C1BD-468C-96B9-8FEC66AAA610}.Debug|Any CPU.Build.0 = Debug|Any CPU
		{233A9E56-C1BD-468C-96B9-8FEC66AAA610}.Release|Any CPU.ActiveCfg = Release|Any CPU
		{233A9E56-C1BD-468C-96B9-8FEC66AAA610}.Release|Any CPU.Build.0 = Release|Any CPU
		{103A2180-9C0E-4ABB-ACF4-F1D6D74EF98D}.Debug|Any CPU.ActiveCfg = Debug|Any CPU
		{103A2180-9C0E-4ABB-ACF4-F1D6D74EF98D}.Debug|Any CPU.Build.0 = Debug|Any CPU
		{103A2180-9C0E-4ABB-ACF4-F1D6D74EF98D}.Release|Any CPU.ActiveCfg = Release|Any CPU
		{103A2180-9C0E-4ABB-ACF4-F1D6D74EF98D}.Release|Any CPU.Build.0 = Release|Any CPU
		{9229E8CC-BBDA-41EC-9B83-48EA9EDB8A55}.Debug|Any CPU.ActiveCfg = Debug|Any CPU
		{9229E8CC-BBDA-41EC-9B83-48EA9EDB8A55}.Debug|Any CPU.Build.0 = Debug|Any CPU
		{9229E8CC-BBDA-41EC-9B83-48EA9EDB8A55}.Release|Any CPU.ActiveCfg = Release|Any CPU
		{9229E8CC-BBDA-41EC-9B83-48EA9EDB8A55}.Release|Any CPU.Build.0 = Release|Any CPU
		{8848463B-9C9A-44EA-A8D7-20868B65F6D1}.Debug|Any CPU.ActiveCfg = Debug|Any CPU
		{8848463B-9C9A-44EA-A8D7-20868B65F6D1}.Debug|Any CPU.Build.0 = Debug|Any CPU
		{8848463B-9C9A-44EA-A8D7-20868B65F6D1}.Release|Any CPU.ActiveCfg = Release|Any CPU
		{8848463B-9C9A-44EA-A8D7-20868B65F6D1}.Release|Any CPU.Build.0 = Release|Any CPU
		{B49CA490-2281-418E-B5E6-7C2A43A78B56}.Debug|Any CPU.ActiveCfg = Debug|Any CPU
		{B49CA490-2281-418E-B5E6-7C2A43A78B56}.Debug|Any CPU.Build.0 = Debug|Any CPU
		{B49CA490-2281-418E-B5E6-7C2A43A78B56}.Release|Any CPU.ActiveCfg = Release|Any CPU
		{B49CA490-2281-418E-B5E6-7C2A43A78B56}.Release|Any CPU.Build.0 = Release|Any CPU
		{DDE368AE-8E37-4EA1-A213-BF48C093D65D}.Debug|Any CPU.ActiveCfg = Debug|Any CPU
		{DDE368AE-8E37-4EA1-A213-BF48C093D65D}.Debug|Any CPU.Build.0 = Debug|Any CPU
		{DDE368AE-8E37-4EA1-A213-BF48C093D65D}.Release|Any CPU.ActiveCfg = Release|Any CPU
		{DDE368AE-8E37-4EA1-A213-BF48C093D65D}.Release|Any CPU.Build.0 = Release|Any CPU
		{C6444167-094D-4D00-AF50-4DDEF1126440}.Debug|Any CPU.ActiveCfg = Debug|Any CPU
		{C6444167-094D-4D00-AF50-4DDEF1126440}.Debug|Any CPU.Build.0 = Debug|Any CPU
		{C6444167-094D-4D00-AF50-4DDEF1126440}.Release|Any CPU.ActiveCfg = Release|Any CPU
		{C6444167-094D-4D00-AF50-4DDEF1126440}.Release|Any CPU.Build.0 = Release|Any CPU
		{A0BF7677-F027-4FAB-86DD-8477C4E8B07A}.Debug|Any CPU.ActiveCfg = Debug|Any CPU
		{A0BF7677-F027-4FAB-86DD-8477C4E8B07A}.Debug|Any CPU.Build.0 = Debug|Any CPU
		{A0BF7677-F027-4FAB-86DD-8477C4E8B07A}.Release|Any CPU.ActiveCfg = Release|Any CPU
		{A0BF7677-F027-4FAB-86DD-8477C4E8B07A}.Release|Any CPU.Build.0 = Release|Any CPU
		{6D08D016-8BDC-47CB-9485-F335B927E8ED}.Debug|Any CPU.ActiveCfg = Debug|Any CPU
		{6D08D016-8BDC-47CB-9485-F335B927E8ED}.Debug|Any CPU.Build.0 = Debug|Any CPU
		{6D08D016-8BDC-47CB-9485-F335B927E8ED}.Release|Any CPU.ActiveCfg = Release|Any CPU
		{6D08D016-8BDC-47CB-9485-F335B927E8ED}.Release|Any CPU.Build.0 = Release|Any CPU
		{87C7F88A-A078-4EFC-935C-CB62449C5FED}.Debug|Any CPU.ActiveCfg = Debug|Any CPU
		{87C7F88A-A078-4EFC-935C-CB62449C5FED}.Debug|Any CPU.Build.0 = Debug|Any CPU
		{87C7F88A-A078-4EFC-935C-CB62449C5FED}.Release|Any CPU.ActiveCfg = Release|Any CPU
		{87C7F88A-A078-4EFC-935C-CB62449C5FED}.Release|Any CPU.Build.0 = Release|Any CPU
		{1C76F414-DCE9-44E6-B4C3-D2657463A7C6}.Debug|Any CPU.ActiveCfg = Debug|Any CPU
		{1C76F414-DCE9-44E6-B4C3-D2657463A7C6}.Debug|Any CPU.Build.0 = Debug|Any CPU
		{1C76F414-DCE9-44E6-B4C3-D2657463A7C6}.Release|Any CPU.ActiveCfg = Release|Any CPU
		{1C76F414-DCE9-44E6-B4C3-D2657463A7C6}.Release|Any CPU.Build.0 = Release|Any CPU
		{0C04F804-015C-4F00-A0A8-26ECCF2378FB}.Debug|Any CPU.ActiveCfg = Debug|Any CPU
		{0C04F804-015C-4F00-A0A8-26ECCF2378FB}.Debug|Any CPU.Build.0 = Debug|Any CPU
		{0C04F804-015C-4F00-A0A8-26ECCF2378FB}.Release|Any CPU.ActiveCfg = Release|Any CPU
		{0C04F804-015C-4F00-A0A8-26ECCF2378FB}.Release|Any CPU.Build.0 = Release|Any CPU
	EndGlobalSection
EndGlobal
