
Microsoft Visual Studio Solution File, Format Version 12.00
Project("{FAE04EC0-301F-11D3-BF4B-00C04F79EFBC}") = "Template", "Template\Template.csproj", "{D9DCE48E-DC7A-468F-9A29-7868EABC8EB6}"
EndProject
Project("{FAE04EC0-301F-11D3-BF4B-00C04F79EFBC}") = "Day1", "Day1\Day1.csproj", "{53078B57-AD3E-4FB6-A7DB-D2F1D19EB3F5}"
EndProject
Project("{FAE04EC0-301F-11D3-BF4B-00C04F79EFBC}") = "Day2", "Day2\Day2.csproj", "{1A4AD579-5043-493A-B926-F127E7721FBF}"
EndProject
Project("{FAE04EC0-301F-11D3-BF4B-00C04F79EFBC}") = "Day3", "Day3\Day3.csproj", "{9BFE42FA-4C25-4BAC-991D-5B6DD87518C7}"
EndProject
Project("{FAE04EC0-301F-11D3-BF4B-00C04F79EFBC}") = "Day4", "Day4\Day4.csproj", "{20FE3084-49C6-430C-A0D5-E24EC61D75A8}"
EndProject
Project("{FAE04EC0-301F-11D3-BF4B-00C04F79EFBC}") = "Day5", "Day5\Day5.csproj", "{2556D4AD-FB52-43CF-8F45-70757F0097A9}"
EndProject
Project("{FAE04EC0-301F-11D3-BF4B-00C04F79EFBC}") = "Day6", "Day6\Day6.csproj", "{84095E6D-5950-42AD-9309-CEB60E78CC9E}"
EndProject
Project("{FAE04EC0-301F-11D3-BF4B-00C04F79EFBC}") = "Day7", "Day7\Day7.csproj", "{FD9A0FD3-14C9-4871-82A6-E747122FB272}"
EndProject
Project("{FAE04EC0-301F-11D3-BF4B-00C04F79EFBC}") = "Day8", "Day8\Day8.csproj", "{74CD2B02-1AD9-4B23-987C-244615F9A3C4}"
EndProject
Project("{FAE04EC0-301F-11D3-BF4B-00C04F79EFBC}") = "Day9", "Day9\Day9.csproj", "{EA46259C-2D78-4604-8416-3908141363F9}"
EndProject
Project("{FAE04EC0-301F-11D3-BF4B-00C04F79EFBC}") = "Day10", "Day10\Day10.csproj", "{450C93AC-9C92-49A5-B561-FB84F070EAB8}"
EndProject
Project("{FAE04EC0-301F-11D3-BF4B-00C04F79EFBC}") = "Day11", "Day11\Day11.csproj", "{B0D51E95-E977-4385-9215-751338298452}"
EndProject
Project("{FAE04EC0-301F-11D3-BF4B-00C04F79EFBC}") = "Day12", "Day12\Day12.csproj", "{50EE498B-96F4-4202-92F6-A145B04F6FF4}"
EndProject
Project("{FAE04EC0-301F-11D3-BF4B-00C04F79EFBC}") = "Day13", "Day13\Day13.csproj", "{A9714CFE-FBFF-4F75-81E6-D8B2D8FBC9A8}"
EndProject
Project("{FAE04EC0-301F-11D3-BF4B-00C04F79EFBC}") = "Day14", "Day14\Day14.csproj", "{068F67C8-A2BC-412B-B661-9244CE198147}"
EndProject
Project("{FAE04EC0-301F-11D3-BF4B-00C04F79EFBC}") = "Day15", "Day15\Day15.csproj", "{A78B4119-1FD3-45ED-96EB-616734E4585A}"
EndProject
Project("{FAE04EC0-301F-11D3-BF4B-00C04F79EFBC}") = "Day16", "Day16\Day16.csproj", "{A2A7DECF-6774-40F6-8784-738D0F66DB10}"
EndProject
Global
	GlobalSection(SolutionConfigurationPlatforms) = preSolution
		Debug|Any CPU = Debug|Any CPU
		Release|Any CPU = Release|Any CPU
	EndGlobalSection
	GlobalSection(ProjectConfigurationPlatforms) = postSolution
		{D9DCE48E-DC7A-468F-9A29-7868EABC8EB6}.Debug|Any CPU.ActiveCfg = Debug|Any CPU
		{D9DCE48E-DC7A-468F-9A29-7868EABC8EB6}.Debug|Any CPU.Build.0 = Debug|Any CPU
		{D9DCE48E-DC7A-468F-9A29-7868EABC8EB6}.Release|Any CPU.ActiveCfg = Release|Any CPU
		{D9DCE48E-DC7A-468F-9A29-7868EABC8EB6}.Release|Any CPU.Build.0 = Release|Any CPU
		{53078B57-AD3E-4FB6-A7DB-D2F1D19EB3F5}.Debug|Any CPU.ActiveCfg = Debug|Any CPU
		{53078B57-AD3E-4FB6-A7DB-D2F1D19EB3F5}.Debug|Any CPU.Build.0 = Debug|Any CPU
		{53078B57-AD3E-4FB6-A7DB-D2F1D19EB3F5}.Release|Any CPU.ActiveCfg = Release|Any CPU
		{53078B57-AD3E-4FB6-A7DB-D2F1D19EB3F5}.Release|Any CPU.Build.0 = Release|Any CPU
		{1A4AD579-5043-493A-B926-F127E7721FBF}.Debug|Any CPU.ActiveCfg = Debug|Any CPU
		{1A4AD579-5043-493A-B926-F127E7721FBF}.Debug|Any CPU.Build.0 = Debug|Any CPU
		{1A4AD579-5043-493A-B926-F127E7721FBF}.Release|Any CPU.ActiveCfg = Release|Any CPU
		{1A4AD579-5043-493A-B926-F127E7721FBF}.Release|Any CPU.Build.0 = Release|Any CPU
		{9BFE42FA-4C25-4BAC-991D-5B6DD87518C7}.Debug|Any CPU.ActiveCfg = Debug|Any CPU
		{9BFE42FA-4C25-4BAC-991D-5B6DD87518C7}.Debug|Any CPU.Build.0 = Debug|Any CPU
		{9BFE42FA-4C25-4BAC-991D-5B6DD87518C7}.Release|Any CPU.ActiveCfg = Release|Any CPU
		{9BFE42FA-4C25-4BAC-991D-5B6DD87518C7}.Release|Any CPU.Build.0 = Release|Any CPU
		{20FE3084-49C6-430C-A0D5-E24EC61D75A8}.Debug|Any CPU.ActiveCfg = Debug|Any CPU
		{20FE3084-49C6-430C-A0D5-E24EC61D75A8}.Debug|Any CPU.Build.0 = Debug|Any CPU
		{20FE3084-49C6-430C-A0D5-E24EC61D75A8}.Release|Any CPU.ActiveCfg = Release|Any CPU
		{20FE3084-49C6-430C-A0D5-E24EC61D75A8}.Release|Any CPU.Build.0 = Release|Any CPU
		{2556D4AD-FB52-43CF-8F45-70757F0097A9}.Debug|Any CPU.ActiveCfg = Debug|Any CPU
		{2556D4AD-FB52-43CF-8F45-70757F0097A9}.Debug|Any CPU.Build.0 = Debug|Any CPU
		{2556D4AD-FB52-43CF-8F45-70757F0097A9}.Release|Any CPU.ActiveCfg = Release|Any CPU
		{2556D4AD-FB52-43CF-8F45-70757F0097A9}.Release|Any CPU.Build.0 = Release|Any CPU
		{84095E6D-5950-42AD-9309-CEB60E78CC9E}.Debug|Any CPU.ActiveCfg = Debug|Any CPU
		{84095E6D-5950-42AD-9309-CEB60E78CC9E}.Debug|Any CPU.Build.0 = Debug|Any CPU
		{84095E6D-5950-42AD-9309-CEB60E78CC9E}.Release|Any CPU.ActiveCfg = Release|Any CPU
		{84095E6D-5950-42AD-9309-CEB60E78CC9E}.Release|Any CPU.Build.0 = Release|Any CPU
		{FD9A0FD3-14C9-4871-82A6-E747122FB272}.Debug|Any CPU.ActiveCfg = Debug|Any CPU
		{FD9A0FD3-14C9-4871-82A6-E747122FB272}.Debug|Any CPU.Build.0 = Debug|Any CPU
		{FD9A0FD3-14C9-4871-82A6-E747122FB272}.Release|Any CPU.ActiveCfg = Release|Any CPU
		{FD9A0FD3-14C9-4871-82A6-E747122FB272}.Release|Any CPU.Build.0 = Release|Any CPU
		{74CD2B02-1AD9-4B23-987C-244615F9A3C4}.Debug|Any CPU.ActiveCfg = Debug|Any CPU
		{74CD2B02-1AD9-4B23-987C-244615F9A3C4}.Debug|Any CPU.Build.0 = Debug|Any CPU
		{74CD2B02-1AD9-4B23-987C-244615F9A3C4}.Release|Any CPU.ActiveCfg = Release|Any CPU
		{74CD2B02-1AD9-4B23-987C-244615F9A3C4}.Release|Any CPU.Build.0 = Release|Any CPU
		{EA46259C-2D78-4604-8416-3908141363F9}.Debug|Any CPU.ActiveCfg = Debug|Any CPU
		{EA46259C-2D78-4604-8416-3908141363F9}.Debug|Any CPU.Build.0 = Debug|Any CPU
		{EA46259C-2D78-4604-8416-3908141363F9}.Release|Any CPU.ActiveCfg = Release|Any CPU
		{EA46259C-2D78-4604-8416-3908141363F9}.Release|Any CPU.Build.0 = Release|Any CPU
		{450C93AC-9C92-49A5-B561-FB84F070EAB8}.Debug|Any CPU.ActiveCfg = Debug|Any CPU
		{450C93AC-9C92-49A5-B561-FB84F070EAB8}.Debug|Any CPU.Build.0 = Debug|Any CPU
		{450C93AC-9C92-49A5-B561-FB84F070EAB8}.Release|Any CPU.ActiveCfg = Release|Any CPU
		{450C93AC-9C92-49A5-B561-FB84F070EAB8}.Release|Any CPU.Build.0 = Release|Any CPU
		{B0D51E95-E977-4385-9215-751338298452}.Debug|Any CPU.ActiveCfg = Debug|Any CPU
		{B0D51E95-E977-4385-9215-751338298452}.Debug|Any CPU.Build.0 = Debug|Any CPU
		{B0D51E95-E977-4385-9215-751338298452}.Release|Any CPU.ActiveCfg = Release|Any CPU
		{B0D51E95-E977-4385-9215-751338298452}.Release|Any CPU.Build.0 = Release|Any CPU
		{50EE498B-96F4-4202-92F6-A145B04F6FF4}.Debug|Any CPU.ActiveCfg = Debug|Any CPU
		{50EE498B-96F4-4202-92F6-A145B04F6FF4}.Debug|Any CPU.Build.0 = Debug|Any CPU
		{50EE498B-96F4-4202-92F6-A145B04F6FF4}.Release|Any CPU.ActiveCfg = Release|Any CPU
		{50EE498B-96F4-4202-92F6-A145B04F6FF4}.Release|Any CPU.Build.0 = Release|Any CPU
		{A9714CFE-FBFF-4F75-81E6-D8B2D8FBC9A8}.Debug|Any CPU.ActiveCfg = Debug|Any CPU
		{A9714CFE-FBFF-4F75-81E6-D8B2D8FBC9A8}.Debug|Any CPU.Build.0 = Debug|Any CPU
		{A9714CFE-FBFF-4F75-81E6-D8B2D8FBC9A8}.Release|Any CPU.ActiveCfg = Release|Any CPU
		{A9714CFE-FBFF-4F75-81E6-D8B2D8FBC9A8}.Release|Any CPU.Build.0 = Release|Any CPU
		{068F67C8-A2BC-412B-B661-9244CE198147}.Debug|Any CPU.ActiveCfg = Debug|Any CPU
		{068F67C8-A2BC-412B-B661-9244CE198147}.Debug|Any CPU.Build.0 = Debug|Any CPU
		{068F67C8-A2BC-412B-B661-9244CE198147}.Release|Any CPU.ActiveCfg = Release|Any CPU
		{068F67C8-A2BC-412B-B661-9244CE198147}.Release|Any CPU.Build.0 = Release|Any CPU
		{A78B4119-1FD3-45ED-96EB-616734E4585A}.Debug|Any CPU.ActiveCfg = Debug|Any CPU
		{A78B4119-1FD3-45ED-96EB-616734E4585A}.Debug|Any CPU.Build.0 = Debug|Any CPU
		{A78B4119-1FD3-45ED-96EB-616734E4585A}.Release|Any CPU.ActiveCfg = Release|Any CPU
		{A78B4119-1FD3-45ED-96EB-616734E4585A}.Release|Any CPU.Build.0 = Release|Any CPU
		{A2A7DECF-6774-40F6-8784-738D0F66DB10}.Debug|Any CPU.ActiveCfg = Debug|Any CPU
		{A2A7DECF-6774-40F6-8784-738D0F66DB10}.Debug|Any CPU.Build.0 = Debug|Any CPU
		{A2A7DECF-6774-40F6-8784-738D0F66DB10}.Release|Any CPU.ActiveCfg = Release|Any CPU
		{A2A7DECF-6774-40F6-8784-738D0F66DB10}.Release|Any CPU.Build.0 = Release|Any CPU
	EndGlobalSection
EndGlobal
